
Microsoft Visual Studio Solution File, Format Version 12.00
# Visual Studio Version 16
VisualStudioVersion = 16.0.30128.74
MinimumVisualStudioVersion = 10.0.40219.1
Project("{FAE04EC0-301F-11D3-BF4B-00C04F79EFBC}") = "AsyncTest", "AsyncTest\AsyncTest.csproj", "{9854BADA-9BB4-4FB3-A0C5-F5ED5DA39D97}"
EndProject
Global
	GlobalSection(SolutionConfigurationPlatforms) = preSolution
		Debug|Any CPU = Debug|Any CPU
		Release|Any CPU = Release|Any CPU
	EndGlobalSection
	GlobalSection(ProjectConfigurationPlatforms) = postSolution
		{9854BADA-9BB4-4FB3-A0C5-F5ED5DA39D97}.Debug|Any CPU.ActiveCfg = Debug|Any CPU
		{9854BADA-9BB4-4FB3-A0C5-F5ED5DA39D97}.Debug|Any CPU.Build.0 = Debug|Any CPU
		{9854BADA-9BB4-4FB3-A0C5-F5ED5DA39D97}.Release|Any CPU.ActiveCfg = Release|Any CPU
		{9854BADA-9BB4-4FB3-A0C5-F5ED5DA39D97}.Release|Any CPU.Build.0 = Release|Any CPU
	EndGlobalSection
	GlobalSection(SolutionProperties) = preSolution
		HideSolutionNode = FALSE
	EndGlobalSection
	GlobalSection(ExtensibilityGlobals) = postSolution
		SolutionGuid = {61083088-2235-437B-9FD1-AEA7F129FC2C}
	EndGlobalSection
EndGlobal
